{
  "name": "@mercadinho/design-system",
  "version": "1.0.0",
  "lockfileVersion": 3,
  "requires": true,
  "packages": {
    "": {
      "name": "@mercadinho/design-system",
      "version": "1.0.0",
      "license": "MIT",
      "peerDependencies": {
        "react": "^18.0.0",
        "react-dom": "^18.0.0"
      }
    }
  }
}
